
Microsoft Visual Studio Solution File, Format Version 12.00
# Visual Studio Version 17
VisualStudioVersion = 17.8.34511.84
MinimumVisualStudioVersion = 10.0.40219.1
Project("{FAE04EC0-301F-11D3-BF4B-00C04F79EFBC}") = "HW8", "HW8\HW8.csproj", "{8C5CA83F-1BC5-45AA-ACFF-765023BD82D5}"
EndProject
Global
	GlobalSection(SolutionConfigurationPlatforms) = preSolution
		Debug|Any CPU = Debug|Any CPU
		Release|Any CPU = Release|Any CPU
	EndGlobalSection
	GlobalSection(ProjectConfigurationPlatforms) = postSolution
		{8C5CA83F-1BC5-45AA-ACFF-765023BD82D5}.Debug|Any CPU.ActiveCfg = Debug|Any CPU
		{8C5CA83F-1BC5-45AA-ACFF-765023BD82D5}.Debug|Any CPU.Build.0 = Debug|Any CPU
		{8C5CA83F-1BC5-45AA-ACFF-765023BD82D5}.Release|Any CPU.ActiveCfg = Release|Any CPU
		{8C5CA83F-1BC5-45AA-ACFF-765023BD82D5}.Release|Any CPU.Build.0 = Release|Any CPU
	EndGlobalSection
	GlobalSection(SolutionProperties) = preSolution
		HideSolutionNode = FALSE
	EndGlobalSection
	GlobalSection(ExtensibilityGlobals) = postSolution
		SolutionGuid = {BA0B16D3-23EB-4B0B-8F40-A6463A2EC2DE}
	EndGlobalSection
EndGlobal
